
Microsoft Visual Studio Solution File, Format Version 12.00
# Visual Studio Version 17
VisualStudioVersion = 17.5.33414.496
MinimumVisualStudioVersion = 10.0.40219.1
Project("{FAE04EC0-301F-11D3-BF4B-00C04F79EFBC}") = "AddressBook_Metronic", "AddressBook_Metronic\AddressBook_Metronic.csproj", "{2A4BF88E-4A45-4F07-8986-96BD136E6462}"
EndProject
Global
	GlobalSection(SolutionConfigurationPlatforms) = preSolution
		Debug|Any CPU = Debug|Any CPU
		Release|Any CPU = Release|Any CPU
	EndGlobalSection
	GlobalSection(ProjectConfigurationPlatforms) = postSolution
		{2A4BF88E-4A45-4F07-8986-96BD136E6462}.Debug|Any CPU.ActiveCfg = Debug|Any CPU
		{2A4BF88E-4A45-4F07-8986-96BD136E6462}.Debug|Any CPU.Build.0 = Debug|Any CPU
		{2A4BF88E-4A45-4F07-8986-96BD136E6462}.Release|Any CPU.ActiveCfg = Release|Any CPU
		{2A4BF88E-4A45-4F07-8986-96BD136E6462}.Release|Any CPU.Build.0 = Release|Any CPU
	EndGlobalSection
	GlobalSection(SolutionProperties) = preSolution
		HideSolutionNode = FALSE
	EndGlobalSection
	GlobalSection(ExtensibilityGlobals) = postSolution
		SolutionGuid = {7B6BD8CC-DA99-4207-A822-8FC0CC4A2F28}
	EndGlobalSection
EndGlobal
